
Microsoft Visual Studio Solution File, Format Version 12.00
# Visual Studio Version 17
VisualStudioVersion = 17.0.32112.339
MinimumVisualStudioVersion = 10.0.40219.1
Project("{FAE04EC0-301F-11D3-BF4B-00C04F79EFBC}") = "PersonelApp.Domains", "PersonelApp.Domains\PersonelApp.Domains.csproj", "{80880583-B663-42C6-8021-342DDDABD179}"
EndProject
Project("{FAE04EC0-301F-11D3-BF4B-00C04F79EFBC}") = "PersonnelApp.DAL", "PersonnelApp.DAL\PersonnelApp.DAL.csproj", "{BF428033-2E68-4B5E-969D-D0BEABEE94BB}"
EndProject
Global
	GlobalSection(SolutionConfigurationPlatforms) = preSolution
		Debug|Any CPU = Debug|Any CPU
		Release|Any CPU = Release|Any CPU
	EndGlobalSection
	GlobalSection(ProjectConfigurationPlatforms) = postSolution
		{80880583-B663-42C6-8021-342DDDABD179}.Debug|Any CPU.ActiveCfg = Debug|Any CPU
		{80880583-B663-42C6-8021-342DDDABD179}.Debug|Any CPU.Build.0 = Debug|Any CPU
		{80880583-B663-42C6-8021-342DDDABD179}.Release|Any CPU.ActiveCfg = Release|Any CPU
		{80880583-B663-42C6-8021-342DDDABD179}.Release|Any CPU.Build.0 = Release|Any CPU
		{BF428033-2E68-4B5E-969D-D0BEABEE94BB}.Debug|Any CPU.ActiveCfg = Debug|Any CPU
		{BF428033-2E68-4B5E-969D-D0BEABEE94BB}.Debug|Any CPU.Build.0 = Debug|Any CPU
		{BF428033-2E68-4B5E-969D-D0BEABEE94BB}.Release|Any CPU.ActiveCfg = Release|Any CPU
		{BF428033-2E68-4B5E-969D-D0BEABEE94BB}.Release|Any CPU.Build.0 = Release|Any CPU
	EndGlobalSection
	GlobalSection(SolutionProperties) = preSolution
		HideSolutionNode = FALSE
	EndGlobalSection
	GlobalSection(ExtensibilityGlobals) = postSolution
		SolutionGuid = {37450222-F72E-4528-B576-20E98BCAD475}
	EndGlobalSection
EndGlobal
